
Microsoft Visual Studio Solution File, Format Version 12.00
# Visual Studio 2012
Project("{FAE04EC0-301F-11D3-BF4B-00C04F79EFBC}") = "Interfaces", "Interfaces\Interfaces.csproj", "{15B3E0D2-6217-493A-A690-158C497F5318}"
EndProject
Project("{FAE04EC0-301F-11D3-BF4B-00C04F79EFBC}") = "DnDClient", "DnDClient\DnDClient.csproj", "{1CB71CE8-B7E4-4064-8099-BE3586C92B25}"
EndProject
Project("{FAE04EC0-301F-11D3-BF4B-00C04F79EFBC}") = "DnDServer", "DnDServer\DnDServer.csproj", "{E5D796C4-D290-43EB-8156-9EFF9B4B7EED}"
EndProject
Global
	GlobalSection(SolutionConfigurationPlatforms) = preSolution
		Debug|Any CPU = Debug|Any CPU
		Release|Any CPU = Release|Any CPU
	EndGlobalSection
	GlobalSection(ProjectConfigurationPlatforms) = postSolution
		{15B3E0D2-6217-493A-A690-158C497F5318}.Debug|Any CPU.ActiveCfg = Debug|Any CPU
		{15B3E0D2-6217-493A-A690-158C497F5318}.Debug|Any CPU.Build.0 = Debug|Any CPU
		{15B3E0D2-6217-493A-A690-158C497F5318}.Release|Any CPU.ActiveCfg = Release|Any CPU
		{15B3E0D2-6217-493A-A690-158C497F5318}.Release|Any CPU.Build.0 = Release|Any CPU
		{1CB71CE8-B7E4-4064-8099-BE3586C92B25}.Debug|Any CPU.ActiveCfg = Debug|Any CPU
		{1CB71CE8-B7E4-4064-8099-BE3586C92B25}.Debug|Any CPU.Build.0 = Debug|Any CPU
		{1CB71CE8-B7E4-4064-8099-BE3586C92B25}.Release|Any CPU.ActiveCfg = Release|Any CPU
		{1CB71CE8-B7E4-4064-8099-BE3586C92B25}.Release|Any CPU.Build.0 = Release|Any CPU
		{E5D796C4-D290-43EB-8156-9EFF9B4B7EED}.Debug|Any CPU.ActiveCfg = Debug|Any CPU
		{E5D796C4-D290-43EB-8156-9EFF9B4B7EED}.Debug|Any CPU.Build.0 = Debug|Any CPU
		{E5D796C4-D290-43EB-8156-9EFF9B4B7EED}.Release|Any CPU.ActiveCfg = Release|Any CPU
		{E5D796C4-D290-43EB-8156-9EFF9B4B7EED}.Release|Any CPU.Build.0 = Release|Any CPU
	EndGlobalSection
	GlobalSection(SolutionProperties) = preSolution
		HideSolutionNode = FALSE
	EndGlobalSection
EndGlobal
